{
	"name": "ouml",
	"version": "0.0.11",
	"lockfileVersion": 2,
	"requires": true,
	"packages": {
		"": {
			"name": "ouml",
			"version": "0.0.11",
			"license": "MIT",
			"dependencies": {
				"@types/node": "^16.10.2"
			}
		},
		"node_modules/@types/node": {
			"version": "16.11.59",
			"resolved": "https://registry.npmjs.org/@types/node/-/node-16.11.59.tgz",
			"integrity": "sha512-6u+36Dj3aDzhfBVUf/mfmc92OEdzQ2kx2jcXGdigfl70E/neV21ZHE6UCz4MDzTRcVqGAM27fk+DLXvyDsn3Jw=="
		}
	},
	"dependencies": {
		"@types/node": {
			"version": "16.11.59",
			"resolved": "https://registry.npmjs.org/@types/node/-/node-16.11.59.tgz",
			"integrity": "sha512-6u+36Dj3aDzhfBVUf/mfmc92OEdzQ2kx2jcXGdigfl70E/neV21ZHE6UCz4MDzTRcVqGAM27fk+DLXvyDsn3Jw=="
		}
	}
}
